// !$*UTF8*$!
{
	archiveVersion = 1;
	classes = {
	};
	objectVersion = 50;
	objects = {

/* Begin PBXBuildFile section */
		544E0AD425239AA4008214DD /* AppDelegate.swift in Sources */ = {isa = PBXBuildFile; fileRef = 544E0AD325239AA4008214DD /* AppDelegate.swift */; };
		544E0AD625239AA4008214DD /* SceneDelegate.swift in Sources */ = {isa = PBXBuildFile; fileRef = 544E0AD525239AA4008214DD /* SceneDelegate.swift */; };
		544E0AD825239AA4008214DD /* ViewController.swift in Sources */ = {isa = PBXBuildFile; fileRef = 544E0AD725239AA4008214DD /* ViewController.swift */; };
		544E0ADB25239AA4008214DD /* Main.storyboard in Resources */ = {isa = PBXBuildFile; fileRef = 544E0AD925239AA4008214DD /* Main.storyboard */; };
		544E0ADD25239AA6008214DD /* Assets.xcassets in Resources */ = {isa = PBXBuildFile; fileRef = 544E0ADC25239AA6008214DD /* Assets.xcassets */; };
		544E0AE025239AA6008214DD /* LaunchScreen.storyboard in Resources */ = {isa = PBXBuildFile; fileRef = 544E0ADE25239AA6008214DD /* LaunchScreen.storyboard */; };
		544E0AEB25239AA7008214DD /* flixsterTests.swift in Sources */ = {isa = PBXBuildFile; fileRef = 544E0AEA25239AA7008214DD /* flixsterTests.swift */; };
		544E0AF625239AA7008214DD /* flixsterUITests.swift in Sources */ = {isa = PBXBuildFile; fileRef = 544E0AF525239AA7008214DD /* flixsterUITests.swift */; };
/* End PBXBuildFile section */

/* Begin PBXContainerItemProxy section */
		544E0AE725239AA7008214DD /* PBXContainerItemProxy */ = {
			isa = PBXContainerItemProxy;
			containerPortal = 544E0AC825239AA4008214DD /* Project object */;
			proxyType = 1;
			remoteGlobalIDString = 544E0ACF25239AA4008214DD;
			remoteInfo = flixster;
		};
		544E0AF225239AA7008214DD /* PBXContainerItemProxy */ = {
			isa = PBXContainerItemProxy;
			containerPortal = 544E0AC825239AA4008214DD /* Project object */;
			proxyType = 1;
			remoteGlobalIDString = 544E0ACF25239AA4008214DD;
			remoteInfo = flixster;
		};
/* End PBXContainerItemProxy section */

/* Begin PBXFileReference section */
		544E0AD025239AA4008214DD /* flixster.app */ = {isa = PBXFileReference; explicitFileType = wrapper.application; includeInIndex = 0; path = flixster.app; sourceTree = BUILT_PRODUCTS_DIR; };
		544E0AD325239AA4008214DD /* AppDelegate.swift */ = {isa = PBXFileReference; lastKnownFileType = sourcecode.swift; path = AppDelegate.swift; sourceTree = "<group>"; };
		544E0AD525239AA4008214DD /* SceneDelegate.swift */ = {isa = PBXFileReference; lastKnownFileType = sourcecode.swift; path = SceneDelegate.swift; sourceTree = "<group>"; };
		544E0AD725239AA4008214DD /* ViewController.swift */ = {isa = PBXFileReference; lastKnownFileType = sourcecode.swift; path = ViewController.swift; sourceTree = "<group>"; };
		544E0ADA25239AA4008214DD /* Base */ = {isa = PBXFileReference; lastKnownFileType = file.storyboard; name = Base; path = Base.lproj/Main.storyboard; sourceTree = "<group>"; };
		544E0ADC25239AA6008214DD /* Assets.xcassets */ = {isa = PBXFileReference; lastKnownFileType = folder.assetcatalog; path = Assets.xcassets; sourceTree = "<group>"; };
		544E0ADF25239AA6008214DD /* Base */ = {isa = PBXFileReference; lastKnownFileType = file.storyboard; name = Base; path = Base.lproj/LaunchScreen.storyboard; sourceTree = "<group>"; };
		544E0AE125239AA6008214DD /* Info.plist */ = {isa = PBXFileReference; lastKnownFileType = text.plist.xml; path = Info.plist; sourceTree = "<group>"; };
		544E0AE625239AA7008214DD /* flixsterTests.xctest */ = {isa = PBXFileReference; explicitFileType = wrapper.cfbundle; includeInIndex = 0; path = flixsterTests.xctest; sourceTree = BUILT_PRODUCTS_DIR; };
		544E0AEA25239AA7008214DD /* flixsterTests.swift */ = {isa = PBXFileReference; lastKnownFileType = sourcecode.swift; path = flixsterTests.swift; sourceTree = "<group>"; };
		544E0AEC25239AA7008214DD /* Info.plist */ = {isa = PBXFileReference; lastKnownFileType = text.plist.xml; path = Info.plist; sourceTree = "<group>"; };
		544E0AF125239AA7008214DD /* flixsterUITests.xctest */ = {isa = PBXFileReference; explicitFileType = wrapper.cfbundle; includeInIndex = 0; path = flixsterUITests.xctest; sourceTree = BUILT_PRODUCTS_DIR; };
		544E0AF525239AA7008214DD /* flixsterUITests.swift */ = {isa = PBXFileReference; lastKnownFileType = sourcecode.swift; path = flixsterUITests.swift; sourceTree = "<group>"; };
		544E0AF725239AA7008214DD /* Info.plist */ = {isa = PBXFileReference; lastKnownFileType = text.plist.xml; path = Info.plist; sourceTree = "<group>"; };
/* End PBXFileReference section */

/* Begin PBXFrameworksBuildPhase section */
		544E0ACD25239AA4008214DD /* Frameworks */ = {
			isa = PBXFrameworksBuildPhase;
			buildActionMask = 2147483647;
			files = (
			);
			runOnlyForDeploymentPostprocessing = 0;
		};
		544E0AE325239AA7008214DD /* Frameworks */ = {
			isa = PBXFrameworksBuildPhase;
			buildActionMask = 2147483647;
			files = (
			);
			runOnlyForDeploymentPostprocessing = 0;
		};
		544E0AEE25239AA7008214DD /* Frameworks */ = {
			isa = PBXFrameworksBuildPhase;
			buildActionMask = 2147483647;
			files = (
			);
			runOnlyForDeploymentPostprocessing = 0;
		};
/* End PBXFrameworksBuildPhase section */

/* Begin PBXGroup section */
		544E0AC725239AA4008214DD = {
			isa = PBXGroup;
			children = (
				544E0AD225239AA4008214DD /* flixster */,
				544E0AE925239AA7008214DD /* flixsterTests */,
				544E0AF425239AA7008214DD /* flixsterUITests */,
				544E0AD125239AA4008214DD /* Products */,
			);
			sourceTree = "<group>";
		};
		544E0AD125239AA4008214DD /* Products */ = {
			isa = PBXGroup;
			children = (
				544E0AD025239AA4008214DD /* flixster.app */,
				544E0AE625239AA7008214DD /* flixsterTests.xctest */,
				544E0AF125239AA7008214DD /* flixsterUITests.xctest */,
			);
			name = Products;
			sourceTree = "<group>";
		};
		544E0AD225239AA4008214DD /* flixster */ = {
			isa = PBXGroup;
			children = (
				544E0AD325239AA4008214DD /* AppDelegate.swift */,
				544E0AD525239AA4008214DD /* SceneDelegate.swift */,
				544E0AD725239AA4008214DD /* ViewController.swift */,
				544E0AD925239AA4008214DD /* Main.storyboard */,
				544E0ADC25239AA6008214DD /* Assets.xcassets */,
				544E0ADE25239AA6008214DD /* LaunchScreen.storyboard */,
				544E0AE125239AA6008214DD /* Info.plist */,
			);
			path = flixster;
			sourceTree = "<group>";
		};
		544E0AE925239AA7008214DD /* flixsterTests */ = {
			isa = PBXGroup;
			children = (
				544E0AEA25239AA7008214DD /* flixsterTests.swift */,
				544E0AEC25239AA7008214DD /* Info.plist */,
			);
			path = flixsterTests;
			sourceTree = "<group>";
		};
		544E0AF425239AA7008214DD /* flixsterUITests */ = {
			isa = PBXGroup;
			children = (
				544E0AF525239AA7008214DD /* flixsterUITests.swift */,
				544E0AF725239AA7008214DD /* Info.plist */,
			);
			path = flixsterUITests;
			sourceTree = "<group>";
		};
/* End PBXGroup section */

/* Begin PBXNativeTarget section */
		544E0ACF25239AA4008214DD /* flixster */ = {
			isa = PBXNativeTarget;
			buildConfigurationList = 544E0AFA25239AA7008214DD /* Build configuration list for PBXNativeTarget "flixster" */;
			buildPhases = (
				544E0ACC25239AA4008214DD /* Sources */,
				544E0ACD25239AA4008214DD /* Frameworks */,
				544E0ACE25239AA4008214DD /* Resources */,
			);
			buildRules = (
			);
			dependencies = (
			);
			name = flixster;
			productName = flixster;
			productReference = 544E0AD025239AA4008214DD /* flixster.app */;
			productType = "com.apple.product-type.application";
		};
		544E0AE525239AA7008214DD /* flixsterTests */ = {
			isa = PBXNativeTarget;
			buildConfigurationList = 544E0AFD25239AA7008214DD /* Build configuration list for PBXNativeTarget "flixsterTests" */;
			buildPhases = (
				544E0AE225239AA7008214DD /* Sources */,
				544E0AE325239AA7008214DD /* Frameworks */,
				544E0AE425239AA7008214DD /* Resources */,
			);
			buildRules = (
			);
			dependencies = (
				544E0AE825239AA7008214DD /* PBXTargetDependency */,
			);
			name = flixsterTests;
			productName = flixsterTests;
			productReference = 544E0AE625239AA7008214DD /* flixsterTests.xctest */;
			productType = "com.apple.product-type.bundle.unit-test";
		};
		544E0AF025239AA7008214DD /* flixsterUITests */ = {
			isa = PBXNativeTarget;
			buildConfigurationList = 544E0B0025239AA7008214DD /* Build configuration list for PBXNativeTarget "flixsterUITests" */;
			buildPhases = (
				544E0AED25239AA7008214DD /* Sources */,
				544E0AEE25239AA7008214DD /* Frameworks */,
				544E0AEF25239AA7008214DD /* Resources */,
			);
			buildRules = (
			);
			dependencies = (
				544E0AF325239AA7008214DD /* PBXTargetDependency */,
			);
			name = flixsterUITests;
			productName = flixsterUITests;
			productReference = 544E0AF125239AA7008214DD /* flixsterUITests.xctest */;
			productType = "com.apple.product-type.bundle.ui-testing";
		};
/* End PBXNativeTarget section */

/* Begin PBXProject section */
		544E0AC825239AA4008214DD /* Project object */ = {
			isa = PBXProject;
			attributes = {
				LastSwiftUpdateCheck = 1200;
				LastUpgradeCheck = 1200;
				TargetAttributes = {
					544E0ACF25239AA4008214DD = {
						CreatedOnToolsVersion = 12.0.1;
					};
					544E0AE525239AA7008214DD = {
						CreatedOnToolsVersion = 12.0.1;
						TestTargetID = 544E0ACF25239AA4008214DD;
					};
					544E0AF025239AA7008214DD = {
						CreatedOnToolsVersion = 12.0.1;
						TestTargetID = 544E0ACF25239AA4008214DD;
					};
				};
			};
			buildConfigurationList = 544E0ACB25239AA4008214DD /* Build configuration list for PBXProject "flixster" */;
			compatibilityVersion = "Xcode 9.3";
			developmentRegion = en;
			hasScannedForEncodings = 0;
			knownRegions = (
				en,
				Base,
			);
			mainGroup = 544E0AC725239AA4008214DD;
			productRefGroup = 544E0AD125239AA4008214DD /* Products */;
			projectDirPath = "";
			projectRoot = "";
			targets = (
				544E0ACF25239AA4008214DD /* flixster */,
				544E0AE525239AA7008214DD /* flixsterTests */,
				544E0AF025239AA7008214DD /* flixsterUITests */,
			);
		};
/* End PBXProject section */

/* Begin PBXResourcesBuildPhase section */
		544E0ACE25239AA4008214DD /* Resources */ = {
			isa = PBXResourcesBuildPhase;
			buildActionMask = 2147483647;
			files = (
				544E0AE025239AA6008214DD /* LaunchScreen.storyboard in Resources */,
				544E0ADD25239AA6008214DD /* Assets.xcassets in Resources */,
				544E0ADB25239AA4008214DD /* Main.storyboard in Resources */,
			);
			runOnlyForDeploymentPostprocessing = 0;
		};
		544E0AE425239AA7008214DD /* Resources */ = {
			isa = PBXResourcesBuildPhase;
			buildActionMask = 2147483647;
			files = (
			);
			runOnlyForDeploymentPostprocessing = 0;
		};
		544E0AEF25239AA7008214DD /* Resources */ = {
			isa = PBXResourcesBuildPhase;
			buildActionMask = 2147483647;
			files = (
			);
			runOnlyForDeploymentPostprocessing = 0;
		};
/* End PBXResourcesBuildPhase section */

/* Begin PBXSourcesBuildPhase section */
		544E0ACC25239AA4008214DD /* Sources */ = {
			isa = PBXSourcesBuildPhase;
			buildActionMask = 2147483647;
			files = (
				544E0AD825239AA4008214DD /* ViewController.swift in Sources */,
				544E0AD425239AA4008214DD /* AppDelegate.swift in Sources */,
				544E0AD625239AA4008214DD /* SceneDelegate.swift in Sources */,
			);
			runOnlyForDeploymentPostprocessing = 0;
		};
		544E0AE225239AA7008214DD /* Sources */ = {
			isa = PBXSourcesBuildPhase;
			buildActionMask = 2147483647;
			files = (
				544E0AEB25239AA7008214DD /* flixsterTests.swift in Sources */,
			);
			runOnlyForDeploymentPostprocessing = 0;
		};
		544E0AED25239AA7008214DD /* Sources */ = {
			isa = PBXSourcesBuildPhase;
			buildActionMask = 2147483647;
			files = (
				544E0AF625239AA7008214DD /* flixsterUITests.swift in Sources */,
			);
			runOnlyForDeploymentPostprocessing = 0;
		};
/* End PBXSourcesBuildPhase section */

/* Begin PBXTargetDependency section */
		544E0AE825239AA7008214DD /* PBXTargetDependency */ = {
			isa = PBXTargetDependency;
			target = 544E0ACF25239AA4008214DD /* flixster */;
			targetProxy = 544E0AE725239AA7008214DD /* PBXContainerItemProxy */;
		};
		544E0AF325239AA7008214DD /* PBXTargetDependency */ = {
			isa = PBXTargetDependency;
			target = 544E0ACF25239AA4008214DD /* flixster */;
			targetProxy = 544E0AF225239AA7008214DD /* PBXContainerItemProxy */;
		};
/* End PBXTargetDependency section */

/* Begin PBXVariantGroup section */
		544E0AD925239AA4008214DD /* Main.storyboard */ = {
			isa = PBXVariantGroup;
			children = (
				544E0ADA25239AA4008214DD /* Base */,
			);
			name = Main.storyboard;
			sourceTree = "<group>";
		};
		544E0ADE25239AA6008214DD /* LaunchScreen.storyboard */ = {
			isa = PBXVariantGroup;
			children = (
				544E0ADF25239AA6008214DD /* Base */,
			);
			name = LaunchScreen.storyboard;
			sourceTree = "<group>";
		};
/* End PBXVariantGroup section */

/* Begin XCBuildConfiguration section */
		544E0AF825239AA7008214DD /* Debug */ = {
			isa = XCBuildConfiguration;
			buildSettings = {
				ALWAYS_SEARCH_USER_PATHS = NO;
				CLANG_ANALYZER_NONNULL = YES;
				CLANG_ANALYZER_NUMBER_OBJECT_CONVERSION = YES_AGGRESSIVE;
				CLANG_CXX_LANGUAGE_STANDARD = "gnu++14";
				CLANG_CXX_LIBRARY = "libc++";
				CLANG_ENABLE_MODULES = YES;
				CLANG_ENABLE_OBJC_ARC = YES;
				CLANG_ENABLE_OBJC_WEAK = YES;
				CLANG_WARN_BLOCK_CAPTURE_AUTORELEASING = YES;
				CLANG_WARN_BOOL_CONVERSION = YES;
				CLANG_WARN_COMMA = YES;
				CLANG_WARN_CONSTANT_CONVERSION = YES;
				CLANG_WARN_DEPRECATED_OBJC_IMPLEMENTATIONS = YES;
				CLANG_WARN_DIRECT_OBJC_ISA_USAGE = YES_ERROR;
				CLANG_WARN_DOCUMENTATION_COMMENTS = YES;
				CLANG_WARN_EMPTY_BODY = YES;
				CLANG_WARN_ENUM_CONVERSION = YES;
				CLANG_WARN_INFINITE_RECURSION = YES;
				CLANG_WARN_INT_CONVERSION = YES;
				CLANG_WARN_NON_LITERAL_NULL_CONVERSION = YES;
				CLANG_WARN_OBJC_IMPLICIT_RETAIN_SELF = YES;
				CLANG_WARN_OBJC_LITERAL_CONVERSION = YES;
				CLANG_WARN_OBJC_ROOT_CLASS = YES_ERROR;
				CLANG_WARN_QUOTED_INCLUDE_IN_FRAMEWORK_HEADER = YES;
				CLANG_WARN_RANGE_LOOP_ANALYSIS = YES;
				CLANG_WARN_STRICT_PROTOTYPES = YES;
				CLANG_WARN_SUSPICIOUS_MOVE = YES;
				CLANG_WARN_UNGUARDED_AVAILABILITY = YES_AGGRESSIVE;
				CLANG_WARN_UNREACHABLE_CODE = YES;
				CLANG_WARN__DUPLICATE_METHOD_MATCH = YES;
				COPY_PHASE_STRIP = NO;
				DEBUG_INFORMATION_FORMAT = dwarf;
				ENABLE_STRICT_OBJC_MSGSEND = YES;
				ENABLE_TESTABILITY = YES;
				GCC_C_LANGUAGE_STANDARD = gnu11;
				GCC_DYNAMIC_NO_PIC = NO;
				GCC_NO_COMMON_BLOCKS = YES;
				GCC_OPTIMIZATION_LEVEL = 0;
				GCC_PREPROCESSOR_DEFINITIONS = (
					"DEBUG=1",
					"$(inherited)",
				);
				GCC_WARN_64_TO_32_BIT_CONVERSION = YES;
				GCC_WARN_ABOUT_RETURN_TYPE = YES_ERROR;
				GCC_WARN_UNDECLARED_SELECTOR = YES;
				GCC_WARN_UNINITIALIZED_AUTOS = YES_AGGRESSIVE;
				GCC_WARN_UNUSED_FUNCTION = YES;
				GCC_WARN_UNUSED_VARIABLE = YES;
				IPHONEOS_DEPLOYMENT_TARGET = 14.0;
				MTL_ENABLE_DEBUG_INFO = INCLUDE_SOURCE;
				MTL_FAST_MATH = YES;
				ONLY_ACTIVE_ARCH = YES;
				SDKROOT = iphoneos;
				SWIFT_ACTIVE_COMPILATION_CONDITIONS = DEBUG;
				SWIFT_OPTIMIZATION_LEVEL = "-Onone";
			};
			name = Debug;
		};
		544E0AF925239AA7008214DD /* Release */ = {
			isa = XCBuildConfiguration;
			buildSettings = {
				ALWAYS_SEARCH_USER_PATHS = NO;
				CLANG_ANALYZER_NONNULL = YES;
				CLANG_ANALYZER_NUMBER_OBJECT_CONVERSION = YES_AGGRESSIVE;
				CLANG_CXX_LANGUAGE_STANDARD = "gnu++14";
				CLANG_CXX_LIBRARY = "libc++";
				CLANG_ENABLE_MODULES = YES;
				CLANG_ENABLE_OBJC_ARC = YES;
				CLANG_ENABLE_OBJC_WEAK = YES;
				CLANG_WARN_BLOCK_CAPTURE_AUTORELEASING = YES;
				CLANG_WARN_BOOL_CONVERSION = YES;
				CLANG_WARN_COMMA = YES;
				CLANG_WARN_CONSTANT_CONVERSION = YES;
				CLANG_WARN_DEPRECATED_OBJC_IMPLEMENTATIONS = YES;
				CLANG_WARN_DIRECT_OBJC_ISA_USAGE = YES_ERROR;
				CLANG_WARN_DOCUMENTATION_COMMENTS = YES;
				CLANG_WARN_EMPTY_BODY = YES;
				CLANG_WARN_ENUM_CONVERSION = YES;
				CLANG_WARN_INFINITE_RECURSION = YES;
				CLANG_WARN_INT_CONVERSION = YES;
				CLANG_WARN_NON_LITERAL_NULL_CONVERSION = YES;
				CLANG_WARN_OBJC_IMPLICIT_RETAIN_SELF = YES;
				CLANG_WARN_OBJC_LITERAL_CONVERSION = YES;
				CLANG_WARN_OBJC_ROOT_CLASS = YES_ERROR;
				CLANG_WARN_QUOTED_INCLUDE_IN_FRAMEWORK_HEADER = YES;
				CLANG_WARN_RANGE_LOOP_ANALYSIS = YES;
				CLANG_WARN_STRICT_PROTOTYPES = YES;
				CLANG_WARN_SUSPICIOUS_MOVE = YES;
				CLANG_WARN_UNGUARDED_AVAILABILITY = YES_AGGRESSIVE;
				CLANG_WARN_UNREACHABLE_CODE = YES;
				CLANG_WARN__DUPLICATE_METHOD_MATCH = YES;
				COPY_PHASE_STRIP = NO;
				DEBUG_INFORMATION_FORMAT = "dwarf-with-dsym";
				ENABLE_NS_ASSERTIONS = NO;
				ENABLE_STRICT_OBJC_MSGSEND = YES;
				GCC_C_LANGUAGE_STANDARD = gnu11;
				GCC_NO_COMMON_BLOCKS = YES;
				GCC_WARN_64_TO_32_BIT_CONVERSION = YES;
				GCC_WARN_ABOUT_RETURN_TYPE = YES_ERROR;
				GCC_WARN_UNDECLARED_SELECTOR = YES;
				GCC_WARN_UNINITIALIZED_AUTOS = YES_AGGRESSIVE;
				GCC_WARN_UNUSED_FUNCTION = YES;
				GCC_WARN_UNUSED_VARIABLE = YES;
				IPHONEOS_DEPLOYMENT_TARGET = 14.0;
				MTL_ENABLE_DEBUG_INFO = NO;
				MTL_FAST_MATH = YES;
				SDKROOT = iphoneos;
				SWIFT_COMPILATION_MODE = wholemodule;
				SWIFT_OPTIMIZATION_LEVEL = "-O";
				VALIDATE_PRODUCT = YES;
			};
			name = Release;
		};
		544E0AFB25239AA7008214DD /* Debug */ = {
			isa = XCBuildConfiguration;
			buildSettings = {
				ASSETCATALOG_COMPILER_APPICON_NAME = AppIcon;
				ASSETCATALOG_COMPILER_GLOBAL_ACCENT_COLOR_NAME = AccentColor;
				CODE_SIGN_STYLE = Automatic;
				DEVELOPMENT_TEAM = BKG6GB6A49;
				INFOPLIST_FILE = flixster/Info.plist;
				LD_RUNPATH_SEARCH_PATHS = (
					"$(inherited)",
					"@executable_path/Frameworks",
				);
				PRODUCT_BUNDLE_IDENTIFIER = zack11695.flixster;
				PRODUCT_NAME = "$(TARGET_NAME)";
				SWIFT_VERSION = 5.0;
				TARGETED_DEVICE_FAMILY = "1,2";
			};
			name = Debug;
		};
		544E0AFC25239AA7008214DD /* Release */ = {
			isa = XCBuildConfiguration;
			buildSettings = {
				ASSETCATALOG_COMPILER_APPICON_NAME = AppIcon;
				ASSETCATALOG_COMPILER_GLOBAL_ACCENT_COLOR_NAME = AccentColor;
				CODE_SIGN_STYLE = Automatic;
				DEVELOPMENT_TEAM = BKG6GB6A49;
				INFOPLIST_FILE = flixster/Info.plist;
				LD_RUNPATH_SEARCH_PATHS = (
					"$(inherited)",
					"@executable_path/Frameworks",
				);
				PRODUCT_BUNDLE_IDENTIFIER = zack11695.flixster;
				PRODUCT_NAME = "$(TARGET_NAME)";
				SWIFT_VERSION = 5.0;
				TARGETED_DEVICE_FAMILY = "1,2";
			};
			name = Release;
		};
		544E0AFE25239AA7008214DD /* Debug */ = {
			isa = XCBuildConfiguration;
			buildSettings = {
				ALWAYS_EMBED_SWIFT_STANDARD_LIBRARIES = YES;
				BUNDLE_LOADER = "$(TEST_HOST)";
				CODE_SIGN_STYLE = Automatic;
				DEVELOPMENT_TEAM = BKG6GB6A49;
				INFOPLIST_FILE = flixsterTests/Info.plist;
				IPHONEOS_DEPLOYMENT_TARGET = 14.0;
				LD_RUNPATH_SEARCH_PATHS = (
					"$(inherited)",
					"@executable_path/Frameworks",
					"@loader_path/Frameworks",
				);
				PRODUCT_BUNDLE_IDENTIFIER = zack11695.flixsterTests;
				PRODUCT_NAME = "$(TARGET_NAME)";
				SWIFT_VERSION = 5.0;
				TARGETED_DEVICE_FAMILY = "1,2";
				TEST_HOST = "$(BUILT_PRODUCTS_DIR)/flixster.app/flixster";
			};
			name = Debug;
		};
		544E0AFF25239AA7008214DD /* Release */ = {
			isa = XCBuildConfiguration;
			buildSettings = {
				ALWAYS_EMBED_SWIFT_STANDARD_LIBRARIES = YES;
				BUNDLE_LOADER = "$(TEST_HOST)";
				CODE_SIGN_STYLE = Automatic;
				DEVELOPMENT_TEAM = BKG6GB6A49;
				INFOPLIST_FILE = flixsterTests/Info.plist;
				IPHONEOS_DEPLOYMENT_TARGET = 14.0;
				LD_RUNPATH_SEARCH_PATHS = (
					"$(inherited)",
					"@executable_path/Frameworks",
					"@loader_path/Frameworks",
				);
				PRODUCT_BUNDLE_IDENTIFIER = zack11695.flixsterTests;
				PRODUCT_NAME = "$(TARGET_NAME)";
				SWIFT_VERSION = 5.0;
				TARGETED_DEVICE_FAMILY = "1,2";
				TEST_HOST = "$(BUILT_PRODUCTS_DIR)/flixster.app/flixster";
			};
			name = Release;
		};
		544E0B0125239AA7008214DD /* Debug */ = {
			isa = XCBuildConfiguration;
			buildSettings = {
				ALWAYS_EMBED_SWIFT_STANDARD_LIBRARIES = YES;
				CODE_SIGN_STYLE = Automatic;
				DEVELOPMENT_TEAM = BKG6GB6A49;
				INFOPLIST_FILE = flixsterUITests/Info.plist;
				LD_RUNPATH_SEARCH_PATHS = (
					"$(inherited)",
					"@executable_path/Frameworks",
					"@loader_path/Frameworks",
				);
				PRODUCT_BUNDLE_IDENTIFIER = zack11695.flixsterUITests;
				PRODUCT_NAME = "$(TARGET_NAME)";
				SWIFT_VERSION = 5.0;
				TARGETED_DEVICE_FAMILY = "1,2";
				TEST_TARGET_NAME = flixster;
			};
			name = Debug;
		};
		544E0B0225239AA7008214DD /* Release */ = {
			isa = XCBuildConfiguration;
			buildSettings = {
				ALWAYS_EMBED_SWIFT_STANDARD_LIBRARIES = YES;
				CODE_SIGN_STYLE = Automatic;
				DEVELOPMENT_TEAM = BKG6GB6A49;
				INFOPLIST_FILE = flixsterUITests/Info.plist;
				LD_RUNPATH_SEARCH_PATHS = (
					"$(inherited)",
					"@executable_path/Frameworks",
					"@loader_path/Frameworks",
				);
				PRODUCT_BUNDLE_IDENTIFIER = zack11695.flixsterUITests;
				PRODUCT_NAME = "$(TARGET_NAME)";
				SWIFT_VERSION = 5.0;
				TARGETED_DEVICE_FAMILY = "1,2";
				TEST_TARGET_NAME = flixster;
			};
			name = Release;
		};
/* End XCBuildConfiguration section */

/* Begin XCConfigurationList section */
		544E0ACB25239AA4008214DD /* Build configuration list for PBXProject "flixster" */ = {
			isa = XCConfigurationList;
			buildConfigurations = (
				544E0AF825239AA7008214DD /* Debug */,
				544E0AF925239AA7008214DD /* Release */,
			);
			defaultConfigurationIsVisible = 0;
			defaultConfigurationName = Release;
		};
		544E0AFA25239AA7008214DD /* Build configuration list for PBXNativeTarget "flixster" */ = {
			isa = XCConfigurationList;
			buildConfigurations = (
				544E0AFB25239AA7008214DD /* Debug */,
				544E0AFC25239AA7008214DD /* Release */,
			);
			defaultConfigurationIsVisible = 0;
			defaultConfigurationName = Release;
		};
		544E0AFD25239AA7008214DD /* Build configuration list for PBXNativeTarget "flixsterTests" */ = {
			isa = XCConfigurationList;
			buildConfigurations = (
				544E0AFE25239AA7008214DD /* Debug */,
				544E0AFF25239AA7008214DD /* Release */,
			);
			defaultConfigurationIsVisible = 0;
			defaultConfigurationName = Release;
		};
		544E0B0025239AA7008214DD /* Build configuration list for PBXNativeTarget "flixsterUITests" */ = {
			isa = XCConfigurationList;
			buildConfigurations = (
				544E0B0125239AA7008214DD /* Debug */,
				544E0B0225239AA7008214DD /* Release */,
			);
			defaultConfigurationIsVisible = 0;
			defaultConfigurationName = Release;
		};
/* End XCConfigurationList section */
	};
	rootObject = 544E0AC825239AA4008214DD /* Project object */;
}
